
Microsoft Visual Studio Solution File, Format Version 12.00
# Visual Studio Version 16
VisualStudioVersion = 16.0.30320.27
MinimumVisualStudioVersion = 10.0.40219.1
Project("{FAE04EC0-301F-11D3-BF4B-00C04F79EFBC}") = "SeriPortProgrami", "SeriPortProgrami\SeriPortProgrami.csproj", "{871A8C96-65B1-4173-B20C-D90460EE1A04}"
EndProject
Global
	GlobalSection(SolutionConfigurationPlatforms) = preSolution
		Debug|Any CPU = Debug|Any CPU
		Release|Any CPU = Release|Any CPU
	EndGlobalSection
	GlobalSection(ProjectConfigurationPlatforms) = postSolution
		{871A8C96-65B1-4173-B20C-D90460EE1A04}.Debug|Any CPU.ActiveCfg = Debug|Any CPU
		{871A8C96-65B1-4173-B20C-D90460EE1A04}.Debug|Any CPU.Build.0 = Debug|Any CPU
		{871A8C96-65B1-4173-B20C-D90460EE1A04}.Release|Any CPU.ActiveCfg = Release|Any CPU
		{871A8C96-65B1-4173-B20C-D90460EE1A04}.Release|Any CPU.Build.0 = Release|Any CPU
	EndGlobalSection
	GlobalSection(SolutionProperties) = preSolution
		HideSolutionNode = FALSE
	EndGlobalSection
	GlobalSection(ExtensibilityGlobals) = postSolution
		SolutionGuid = {5BEBD42E-7F32-46B3-80D9-D26B0EE961D8}
	EndGlobalSection
EndGlobal
